
Microsoft Visual Studio Solution File, Format Version 12.00
# Visual Studio Version 17
VisualStudioVersion = 17.7.34202.233
MinimumVisualStudioVersion = 10.0.40219.1
Project("{FAE04EC0-301F-11D3-BF4B-00C04F79EFBC}") = "Vetor6", "Vetor6\Vetor6.csproj", "{F3BE713B-BE98-4547-90FE-561AD6744797}"
EndProject
Global
	GlobalSection(SolutionConfigurationPlatforms) = preSolution
		Debug|Any CPU = Debug|Any CPU
		Release|Any CPU = Release|Any CPU
	EndGlobalSection
	GlobalSection(ProjectConfigurationPlatforms) = postSolution
		{F3BE713B-BE98-4547-90FE-561AD6744797}.Debug|Any CPU.ActiveCfg = Debug|Any CPU
		{F3BE713B-BE98-4547-90FE-561AD6744797}.Debug|Any CPU.Build.0 = Debug|Any CPU
		{F3BE713B-BE98-4547-90FE-561AD6744797}.Release|Any CPU.ActiveCfg = Release|Any CPU
		{F3BE713B-BE98-4547-90FE-561AD6744797}.Release|Any CPU.Build.0 = Release|Any CPU
	EndGlobalSection
	GlobalSection(SolutionProperties) = preSolution
		HideSolutionNode = FALSE
	EndGlobalSection
	GlobalSection(ExtensibilityGlobals) = postSolution
		SolutionGuid = {70DCEBAA-A854-4FE5-8BC5-D484146D5074}
	EndGlobalSection
EndGlobal
